
Microsoft Visual Studio Solution File, Format Version 12.00
# Visual Studio Version 17
VisualStudioVersion = 17.2.32505.173
MinimumVisualStudioVersion = 10.0.40219.1
Project("{FAE04EC0-301F-11D3-BF4B-00C04F79EFBC}") = "User_Login_IdentityExample", "User_Login_IdentityExample\User_Login_IdentityExample.csproj", "{2F01C880-0D00-458F-8033-17BB9759915C}"
EndProject
Project("{2150E333-8FDC-42A3-9474-1A3956D46DE8}") = "Solution Items", "Solution Items", "{5061322E-0173-4CE9-A3EB-735BB1DDA215}"
	ProjectSection(SolutionItems) = preProject
		.editorconfig = .editorconfig
	EndProjectSection
EndProject
Global
	GlobalSection(SolutionConfigurationPlatforms) = preSolution
		Debug|Any CPU = Debug|Any CPU
		Release|Any CPU = Release|Any CPU
	EndGlobalSection
	GlobalSection(ProjectConfigurationPlatforms) = postSolution
		{2F01C880-0D00-458F-8033-17BB9759915C}.Debug|Any CPU.ActiveCfg = Debug|Any CPU
		{2F01C880-0D00-458F-8033-17BB9759915C}.Debug|Any CPU.Build.0 = Debug|Any CPU
		{2F01C880-0D00-458F-8033-17BB9759915C}.Release|Any CPU.ActiveCfg = Release|Any CPU
		{2F01C880-0D00-458F-8033-17BB9759915C}.Release|Any CPU.Build.0 = Release|Any CPU
	EndGlobalSection
	GlobalSection(SolutionProperties) = preSolution
		HideSolutionNode = FALSE
	EndGlobalSection
	GlobalSection(ExtensibilityGlobals) = postSolution
		SolutionGuid = {7AA0108D-3119-452A-9A96-9F340D350A89}
	EndGlobalSection
EndGlobal
